# THIS IS AN AUTOGENERATED FILE. DO NOT EDIT THIS FILE DIRECTLY.
# yarn lockfile v1


three@^0.131.1:
  version "0.131.1"
  resolved "https://registry.yarnpkg.com/three/-/three-0.131.1.tgz#c7d35213a0ec5c3ee28316221ecdf2c18d1140a0"
  integrity sha512-1vojiLBfH7e2GZDEzFBfmzU0b/5uraxdg630PcVCRdzgGOttGe6HmG+n71lLCZZnPOxU9f7UVPiSkKPMsyiB/A==
